// !$*UTF8*$!
{
	archiveVersion = 1;
	classes = {
	};
	objectVersion = 56;
	objects = {

/* Begin PBXBuildFile section */
		258D69C62B3ADC7700FA01B1 /* LandmarksApp.swift in Sources */ = {isa = PBXBuildFile; fileRef = 258D69C52B3ADC7700FA01B1 /* LandmarksApp.swift */; };
		258D69C82B3ADC7700FA01B1 /* ContentView.swift in Sources */ = {isa = PBXBuildFile; fileRef = 258D69C72B3ADC7700FA01B1 /* ContentView.swift */; };
		258D69CA2B3ADC7800FA01B1 /* Assets.xcassets in Resources */ = {isa = PBXBuildFile; fileRef = 258D69C92B3ADC7800FA01B1 /* Assets.xcassets */; };
		258D69CD2B3ADC7800FA01B1 /* Preview Assets.xcassets in Resources */ = {isa = PBXBuildFile; fileRef = 258D69CC2B3ADC7800FA01B1 /* Preview Assets.xcassets */; };
		258D69D92B4442BE00FA01B1 /* EmojiImage.swift in Sources */ = {isa = PBXBuildFile; fileRef = 258D69D82B4442BE00FA01B1 /* EmojiImage.swift */; };
		CEDF521D2B706DC700EF90EC /* MapView.swift in Sources */ = {isa = PBXBuildFile; fileRef = CEDF521C2B706DC700EF90EC /* MapView.swift */; };
		CEDF521F2B70A4F300EF90EC /* landmarkData.json in Resources */ = {isa = PBXBuildFile; fileRef = CEDF521E2B70A4F300EF90EC /* landmarkData.json */; };
		CEDF52212B70A52000EF90EC /* Landmark.swift in Sources */ = {isa = PBXBuildFile; fileRef = CEDF52202B70A52000EF90EC /* Landmark.swift */; };
		CEDF52242B70AA1C00EF90EC /* ModelData.swift in Sources */ = {isa = PBXBuildFile; fileRef = CEDF52232B70AA1C00EF90EC /* ModelData.swift */; };
		CEDF52282B71C39E00EF90EC /* LandmarkRow.swift in Sources */ = {isa = PBXBuildFile; fileRef = CEDF52272B71C39E00EF90EC /* LandmarkRow.swift */; };
		CEDF522A2B72045000EF90EC /* LandmarkList.swift in Sources */ = {isa = PBXBuildFile; fileRef = CEDF52292B72045000EF90EC /* LandmarkList.swift */; };
		CEDF522C2B721C6B00EF90EC /* LandmarkDetail.swift in Sources */ = {isa = PBXBuildFile; fileRef = CEDF522B2B721C6B00EF90EC /* LandmarkDetail.swift */; };
/* End PBXBuildFile section */

/* Begin PBXFileReference section */
		258D69C22B3ADC7700FA01B1 /* Landmarks.app */ = {isa = PBXFileReference; explicitFileType = wrapper.application; includeInIndex = 0; path = Landmarks.app; sourceTree = BUILT_PRODUCTS_DIR; };
		258D69C52B3ADC7700FA01B1 /* LandmarksApp.swift */ = {isa = PBXFileReference; lastKnownFileType = sourcecode.swift; path = LandmarksApp.swift; sourceTree = "<group>"; };
		258D69C72B3ADC7700FA01B1 /* ContentView.swift */ = {isa = PBXFileReference; lastKnownFileType = sourcecode.swift; path = ContentView.swift; sourceTree = "<group>"; };
		258D69C92B3ADC7800FA01B1 /* Assets.xcassets */ = {isa = PBXFileReference; lastKnownFileType = folder.assetcatalog; path = Assets.xcassets; sourceTree = "<group>"; };
		258D69CC2B3ADC7800FA01B1 /* Preview Assets.xcassets */ = {isa = PBXFileReference; lastKnownFileType = folder.assetcatalog; path = "Preview Assets.xcassets"; sourceTree = "<group>"; };
		258D69D82B4442BE00FA01B1 /* EmojiImage.swift */ = {isa = PBXFileReference; lastKnownFileType = sourcecode.swift; path = EmojiImage.swift; sourceTree = "<group>"; };
		CEDF521C2B706DC700EF90EC /* MapView.swift */ = {isa = PBXFileReference; lastKnownFileType = sourcecode.swift; path = MapView.swift; sourceTree = "<group>"; };
		CEDF521E2B70A4F300EF90EC /* landmarkData.json */ = {isa = PBXFileReference; fileEncoding = 4; lastKnownFileType = text.json; path = landmarkData.json; sourceTree = "<group>"; };
		CEDF52202B70A52000EF90EC /* Landmark.swift */ = {isa = PBXFileReference; lastKnownFileType = sourcecode.swift; path = Landmark.swift; sourceTree = "<group>"; };
		CEDF52232B70AA1C00EF90EC /* ModelData.swift */ = {isa = PBXFileReference; lastKnownFileType = sourcecode.swift; path = ModelData.swift; sourceTree = "<group>"; };
		CEDF52272B71C39E00EF90EC /* LandmarkRow.swift */ = {isa = PBXFileReference; lastKnownFileType = sourcecode.swift; path = LandmarkRow.swift; sourceTree = "<group>"; };
		CEDF52292B72045000EF90EC /* LandmarkList.swift */ = {isa = PBXFileReference; lastKnownFileType = sourcecode.swift; path = LandmarkList.swift; sourceTree = "<group>"; };
		CEDF522B2B721C6B00EF90EC /* LandmarkDetail.swift */ = {isa = PBXFileReference; lastKnownFileType = sourcecode.swift; path = LandmarkDetail.swift; sourceTree = "<group>"; };
/* End PBXFileReference section */

/* Begin PBXFrameworksBuildPhase section */
		258D69BF2B3ADC7700FA01B1 /* Frameworks */ = {
			isa = PBXFrameworksBuildPhase;
			buildActionMask = 2147483647;
			files = (
			);
			runOnlyForDeploymentPostprocessing = 0;
		};
/* End PBXFrameworksBuildPhase section */

/* Begin PBXGroup section */
		258D69B92B3ADC7700FA01B1 = {
			isa = PBXGroup;
			children = (
				258D69C42B3ADC7700FA01B1 /* Landmarks */,
				258D69C32B3ADC7700FA01B1 /* Products */,
			);
			sourceTree = "<group>";
		};
		258D69C32B3ADC7700FA01B1 /* Products */ = {
			isa = PBXGroup;
			children = (
				258D69C22B3ADC7700FA01B1 /* Landmarks.app */,
			);
			name = Products;
			sourceTree = "<group>";
		};
		258D69C42B3ADC7700FA01B1 /* Landmarks */ = {
			isa = PBXGroup;
			children = (
				258D69C52B3ADC7700FA01B1 /* LandmarksApp.swift */,
				CEDF52252B70AEEC00EF90EC /* Views */,
				CEDF52222B70A53000EF90EC /* Model */,
				CEDF52262B70AEFC00EF90EC /* Resources */,
				258D69C92B3ADC7800FA01B1 /* Assets.xcassets */,
				258D69CB2B3ADC7800FA01B1 /* Preview Content */,
			);
			path = Landmarks;
			sourceTree = "<group>";
		};
		258D69CB2B3ADC7800FA01B1 /* Preview Content */ = {
			isa = PBXGroup;
			children = (
				258D69CC2B3ADC7800FA01B1 /* Preview Assets.xcassets */,
			);
			path = "Preview Content";
			sourceTree = "<group>";
		};
		CEDF52222B70A53000EF90EC /* Model */ = {
			isa = PBXGroup;
			children = (
				CEDF52202B70A52000EF90EC /* Landmark.swift */,
				CEDF52232B70AA1C00EF90EC /* ModelData.swift */,
			);
			path = Model;
			sourceTree = "<group>";
		};
		CEDF52252B70AEEC00EF90EC /* Views */ = {
			isa = PBXGroup;
			children = (
				258D69C72B3ADC7700FA01B1 /* ContentView.swift */,
				CEDF521C2B706DC700EF90EC /* MapView.swift */,
				258D69D82B4442BE00FA01B1 /* EmojiImage.swift */,
				CEDF52272B71C39E00EF90EC /* LandmarkRow.swift */,
				CEDF52292B72045000EF90EC /* LandmarkList.swift */,
				CEDF522B2B721C6B00EF90EC /* LandmarkDetail.swift */,
			);
			path = Views;
			sourceTree = "<group>";
		};
		CEDF52262B70AEFC00EF90EC /* Resources */ = {
			isa = PBXGroup;
			children = (
				CEDF521E2B70A4F300EF90EC /* landmarkData.json */,
			);
			path = Resources;
			sourceTree = "<group>";
		};
/* End PBXGroup section */

/* Begin PBXNativeTarget section */
		258D69C12B3ADC7700FA01B1 /* Landmarks */ = {
			isa = PBXNativeTarget;
			buildConfigurationList = 258D69D02B3ADC7800FA01B1 /* Build configuration list for PBXNativeTarget "Landmarks" */;
			buildPhases = (
				258D69BE2B3ADC7700FA01B1 /* Sources */,
				258D69BF2B3ADC7700FA01B1 /* Frameworks */,
				258D69C02B3ADC7700FA01B1 /* Resources */,
			);
			buildRules = (
			);
			dependencies = (
			);
			name = Landmarks;
			productName = Landmarks;
			productReference = 258D69C22B3ADC7700FA01B1 /* Landmarks.app */;
			productType = "com.apple.product-type.application";
		};
/* End PBXNativeTarget section */

/* Begin PBXProject section */
		258D69BA2B3ADC7700FA01B1 /* Project object */ = {
			isa = PBXProject;
			attributes = {
				BuildIndependentTargetsInParallel = 1;
				LastSwiftUpdateCheck = 1430;
				LastUpgradeCheck = 1430;
				TargetAttributes = {
					258D69C12B3ADC7700FA01B1 = {
						CreatedOnToolsVersion = 14.3.1;
					};
				};
			};
			buildConfigurationList = 258D69BD2B3ADC7700FA01B1 /* Build configuration list for PBXProject "Landmarks" */;
			compatibilityVersion = "Xcode 14.0";
			developmentRegion = en;
			hasScannedForEncodings = 0;
			knownRegions = (
				en,
				Base,
			);
			mainGroup = 258D69B92B3ADC7700FA01B1;
			productRefGroup = 258D69C32B3ADC7700FA01B1 /* Products */;
			projectDirPath = "";
			projectRoot = "";
			targets = (
				258D69C12B3ADC7700FA01B1 /* Landmarks */,
			);
		};
/* End PBXProject section */

/* Begin PBXResourcesBuildPhase section */
		258D69C02B3ADC7700FA01B1 /* Resources */ = {
			isa = PBXResourcesBuildPhase;
			buildActionMask = 2147483647;
			files = (
				258D69CD2B3ADC7800FA01B1 /* Preview Assets.xcassets in Resources */,
				258D69CA2B3ADC7800FA01B1 /* Assets.xcassets in Resources */,
				CEDF521F2B70A4F300EF90EC /* landmarkData.json in Resources */,
			);
			runOnlyForDeploymentPostprocessing = 0;
		};
/* End PBXResourcesBuildPhase section */

/* Begin PBXSourcesBuildPhase section */
		258D69BE2B3ADC7700FA01B1 /* Sources */ = {
			isa = PBXSourcesBuildPhase;
			buildActionMask = 2147483647;
			files = (
				258D69C82B3ADC7700FA01B1 /* ContentView.swift in Sources */,
				CEDF521D2B706DC700EF90EC /* MapView.swift in Sources */,
				258D69C62B3ADC7700FA01B1 /* LandmarksApp.swift in Sources */,
				CEDF522A2B72045000EF90EC /* LandmarkList.swift in Sources */,
				CEDF522C2B721C6B00EF90EC /* LandmarkDetail.swift in Sources */,
				258D69D92B4442BE00FA01B1 /* EmojiImage.swift in Sources */,
				CEDF52212B70A52000EF90EC /* Landmark.swift in Sources */,
				CEDF52282B71C39E00EF90EC /* LandmarkRow.swift in Sources */,
				CEDF52242B70AA1C00EF90EC /* ModelData.swift in Sources */,
			);
			runOnlyForDeploymentPostprocessing = 0;
		};
/* End PBXSourcesBuildPhase section */

/* Begin XCBuildConfiguration section */
		258D69CE2B3ADC7800FA01B1 /* Debug */ = {
			isa = XCBuildConfiguration;
			buildSettings = {
				ALWAYS_SEARCH_USER_PATHS = NO;
				CLANG_ANALYZER_NONNULL = YES;
				CLANG_ANALYZER_NUMBER_OBJECT_CONVERSION = YES_AGGRESSIVE;
				CLANG_CXX_LANGUAGE_STANDARD = "gnu++20";
				CLANG_ENABLE_MODULES = YES;
				CLANG_ENABLE_OBJC_ARC = YES;
				CLANG_ENABLE_OBJC_WEAK = YES;
				CLANG_WARN_BLOCK_CAPTURE_AUTORELEASING = YES;
				CLANG_WARN_BOOL_CONVERSION = YES;
				CLANG_WARN_COMMA = YES;
				CLANG_WARN_CONSTANT_CONVERSION = YES;
				CLANG_WARN_DEPRECATED_OBJC_IMPLEMENTATIONS = YES;
				CLANG_WARN_DIRECT_OBJC_ISA_USAGE = YES_ERROR;
				CLANG_WARN_DOCUMENTATION_COMMENTS = YES;
				CLANG_WARN_EMPTY_BODY = YES;
				CLANG_WARN_ENUM_CONVERSION = YES;
				CLANG_WARN_INFINITE_RECURSION = YES;
				CLANG_WARN_INT_CONVERSION = YES;
				CLANG_WARN_NON_LITERAL_NULL_CONVERSION = YES;
				CLANG_WARN_OBJC_IMPLICIT_RETAIN_SELF = YES;
				CLANG_WARN_OBJC_LITERAL_CONVERSION = YES;
				CLANG_WARN_OBJC_ROOT_CLASS = YES_ERROR;
				CLANG_WARN_QUOTED_INCLUDE_IN_FRAMEWORK_HEADER = YES;
				CLANG_WARN_RANGE_LOOP_ANALYSIS = YES;
				CLANG_WARN_STRICT_PROTOTYPES = YES;
				CLANG_WARN_SUSPICIOUS_MOVE = YES;
				CLANG_WARN_UNGUARDED_AVAILABILITY = YES_AGGRESSIVE;
				CLANG_WARN_UNREACHABLE_CODE = YES;
				CLANG_WARN__DUPLICATE_METHOD_MATCH = YES;
				COPY_PHASE_STRIP = NO;
				DEBUG_INFORMATION_FORMAT = dwarf;
				ENABLE_STRICT_OBJC_MSGSEND = YES;
				ENABLE_TESTABILITY = YES;
				GCC_C_LANGUAGE_STANDARD = gnu11;
				GCC_DYNAMIC_NO_PIC = NO;
				GCC_NO_COMMON_BLOCKS = YES;
				GCC_OPTIMIZATION_LEVEL = 0;
				GCC_PREPROCESSOR_DEFINITIONS = (
					"DEBUG=1",
					"$(inherited)",
				);
				GCC_WARN_64_TO_32_BIT_CONVERSION = YES;
				GCC_WARN_ABOUT_RETURN_TYPE = YES_ERROR;
				GCC_WARN_UNDECLARED_SELECTOR = YES;
				GCC_WARN_UNINITIALIZED_AUTOS = YES_AGGRESSIVE;
				GCC_WARN_UNUSED_FUNCTION = YES;
				GCC_WARN_UNUSED_VARIABLE = YES;
				IPHONEOS_DEPLOYMENT_TARGET = 16.4;
				MTL_ENABLE_DEBUG_INFO = INCLUDE_SOURCE;
				MTL_FAST_MATH = YES;
				ONLY_ACTIVE_ARCH = YES;
				SDKROOT = iphoneos;
				SWIFT_ACTIVE_COMPILATION_CONDITIONS = DEBUG;
				SWIFT_OPTIMIZATION_LEVEL = "-Onone";
			};
			name = Debug;
		};
		258D69CF2B3ADC7800FA01B1 /* Release */ = {
			isa = XCBuildConfiguration;
			buildSettings = {
				ALWAYS_SEARCH_USER_PATHS = NO;
				CLANG_ANALYZER_NONNULL = YES;
				CLANG_ANALYZER_NUMBER_OBJECT_CONVERSION = YES_AGGRESSIVE;
				CLANG_CXX_LANGUAGE_STANDARD = "gnu++20";
				CLANG_ENABLE_MODULES = YES;
				CLANG_ENABLE_OBJC_ARC = YES;
				CLANG_ENABLE_OBJC_WEAK = YES;
				CLANG_WARN_BLOCK_CAPTURE_AUTORELEASING = YES;
				CLANG_WARN_BOOL_CONVERSION = YES;
				CLANG_WARN_COMMA = YES;
				CLANG_WARN_CONSTANT_CONVERSION = YES;
				CLANG_WARN_DEPRECATED_OBJC_IMPLEMENTATIONS = YES;
				CLANG_WARN_DIRECT_OBJC_ISA_USAGE = YES_ERROR;
				CLANG_WARN_DOCUMENTATION_COMMENTS = YES;
				CLANG_WARN_EMPTY_BODY = YES;
				CLANG_WARN_ENUM_CONVERSION = YES;
				CLANG_WARN_INFINITE_RECURSION = YES;
				CLANG_WARN_INT_CONVERSION = YES;
				CLANG_WARN_NON_LITERAL_NULL_CONVERSION = YES;
				CLANG_WARN_OBJC_IMPLICIT_RETAIN_SELF = YES;
				CLANG_WARN_OBJC_LITERAL_CONVERSION = YES;
				CLANG_WARN_OBJC_ROOT_CLASS = YES_ERROR;
				CLANG_WARN_QUOTED_INCLUDE_IN_FRAMEWORK_HEADER = YES;
				CLANG_WARN_RANGE_LOOP_ANALYSIS = YES;
				CLANG_WARN_STRICT_PROTOTYPES = YES;
				CLANG_WARN_SUSPICIOUS_MOVE = YES;
				CLANG_WARN_UNGUARDED_AVAILABILITY = YES_AGGRESSIVE;
				CLANG_WARN_UNREACHABLE_CODE = YES;
				CLANG_WARN__DUPLICATE_METHOD_MATCH = YES;
				COPY_PHASE_STRIP = NO;
				DEBUG_INFORMATION_FORMAT = "dwarf-with-dsym";
				ENABLE_NS_ASSERTIONS = NO;
				ENABLE_STRICT_OBJC_MSGSEND = YES;
				GCC_C_LANGUAGE_STANDARD = gnu11;
				GCC_NO_COMMON_BLOCKS = YES;
				GCC_WARN_64_TO_32_BIT_CONVERSION = YES;
				GCC_WARN_ABOUT_RETURN_TYPE = YES_ERROR;
				GCC_WARN_UNDECLARED_SELECTOR = YES;
				GCC_WARN_UNINITIALIZED_AUTOS = YES_AGGRESSIVE;
				GCC_WARN_UNUSED_FUNCTION = YES;
				GCC_WARN_UNUSED_VARIABLE = YES;
				IPHONEOS_DEPLOYMENT_TARGET = 16.4;
				MTL_ENABLE_DEBUG_INFO = NO;
				MTL_FAST_MATH = YES;
				SDKROOT = iphoneos;
				SWIFT_COMPILATION_MODE = wholemodule;
				SWIFT_OPTIMIZATION_LEVEL = "-O";
				VALIDATE_PRODUCT = YES;
			};
			name = Release;
		};
		258D69D12B3ADC7800FA01B1 /* Debug */ = {
			isa = XCBuildConfiguration;
			buildSettings = {
				ASSETCATALOG_COMPILER_APPICON_NAME = AppIcon;
				ASSETCATALOG_COMPILER_GLOBAL_ACCENT_COLOR_NAME = AccentColor;
				CODE_SIGN_STYLE = Automatic;
				CURRENT_PROJECT_VERSION = 1;
				DEVELOPMENT_ASSET_PATHS = "\"Landmarks/Preview Content\"";
				DEVELOPMENT_TEAM = GQF9DRKKG2;
				ENABLE_PREVIEWS = YES;
				GENERATE_INFOPLIST_FILE = YES;
				INFOPLIST_KEY_UIApplicationSceneManifest_Generation = YES;
				INFOPLIST_KEY_UIApplicationSupportsIndirectInputEvents = YES;
				INFOPLIST_KEY_UILaunchScreen_Generation = YES;
				INFOPLIST_KEY_UISupportedInterfaceOrientations_iPad = "UIInterfaceOrientationPortrait UIInterfaceOrientationPortraitUpsideDown UIInterfaceOrientationLandscapeLeft UIInterfaceOrientationLandscapeRight";
				INFOPLIST_KEY_UISupportedInterfaceOrientations_iPhone = "UIInterfaceOrientationPortrait UIInterfaceOrientationLandscapeLeft UIInterfaceOrientationLandscapeRight";
				IPHONEOS_DEPLOYMENT_TARGET = 17.0;
				LD_RUNPATH_SEARCH_PATHS = (
					"$(inherited)",
					"@executable_path/Frameworks",
				);
				MARKETING_VERSION = 1.0;
				PRODUCT_BUNDLE_IDENTIFIER = jina.Landmarks;
				PRODUCT_NAME = "$(TARGET_NAME)";
				SWIFT_EMIT_LOC_STRINGS = YES;
				SWIFT_VERSION = 5.0;
				TARGETED_DEVICE_FAMILY = "1,2";
			};
			name = Debug;
		};
		258D69D22B3ADC7800FA01B1 /* Release */ = {
			isa = XCBuildConfiguration;
			buildSettings = {
				ASSETCATALOG_COMPILER_APPICON_NAME = AppIcon;
				ASSETCATALOG_COMPILER_GLOBAL_ACCENT_COLOR_NAME = AccentColor;
				CODE_SIGN_STYLE = Automatic;
				CURRENT_PROJECT_VERSION = 1;
				DEVELOPMENT_ASSET_PATHS = "\"Landmarks/Preview Content\"";
				DEVELOPMENT_TEAM = GQF9DRKKG2;
				ENABLE_PREVIEWS = YES;
				GENERATE_INFOPLIST_FILE = YES;
				INFOPLIST_KEY_UIApplicationSceneManifest_Generation = YES;
				INFOPLIST_KEY_UIApplicationSupportsIndirectInputEvents = YES;
				INFOPLIST_KEY_UILaunchScreen_Generation = YES;
				INFOPLIST_KEY_UISupportedInterfaceOrientations_iPad = "UIInterfaceOrientationPortrait UIInterfaceOrientationPortraitUpsideDown UIInterfaceOrientationLandscapeLeft UIInterfaceOrientationLandscapeRight";
				INFOPLIST_KEY_UISupportedInterfaceOrientations_iPhone = "UIInterfaceOrientationPortrait UIInterfaceOrientationLandscapeLeft UIInterfaceOrientationLandscapeRight";
				IPHONEOS_DEPLOYMENT_TARGET = 17.0;
				LD_RUNPATH_SEARCH_PATHS = (
					"$(inherited)",
					"@executable_path/Frameworks",
				);
				MARKETING_VERSION = 1.0;
				PRODUCT_BUNDLE_IDENTIFIER = jina.Landmarks;
				PRODUCT_NAME = "$(TARGET_NAME)";
				SWIFT_EMIT_LOC_STRINGS = YES;
				SWIFT_VERSION = 5.0;
				TARGETED_DEVICE_FAMILY = "1,2";
			};
			name = Release;
		};
/* End XCBuildConfiguration section */

/* Begin XCConfigurationList section */
		258D69BD2B3ADC7700FA01B1 /* Build configuration list for PBXProject "Landmarks" */ = {
			isa = XCConfigurationList;
			buildConfigurations = (
				258D69CE2B3ADC7800FA01B1 /* Debug */,
				258D69CF2B3ADC7800FA01B1 /* Release */,
			);
			defaultConfigurationIsVisible = 0;
			defaultConfigurationName = Release;
		};
		258D69D02B3ADC7800FA01B1 /* Build configuration list for PBXNativeTarget "Landmarks" */ = {
			isa = XCConfigurationList;
			buildConfigurations = (
				258D69D12B3ADC7800FA01B1 /* Debug */,
				258D69D22B3ADC7800FA01B1 /* Release */,
			);
			defaultConfigurationIsVisible = 0;
			defaultConfigurationName = Release;
		};
/* End XCConfigurationList section */
	};
	rootObject = 258D69BA2B3ADC7700FA01B1 /* Project object */;
}
